
Microsoft Visual Studio Solution File, Format Version 12.00
# Visual Studio Version 17
VisualStudioVersion = 17.13.35913.81 d17.13
MinimumVisualStudioVersion = 10.0.40219.1
Project("{FAE04EC0-301F-11D3-BF4B-00C04F79EFBC}") = "LibreriaUniversitaria", "LibreriaUniversitaria\LibreriaUniversitaria.csproj", "{1A1552D7-2E4F-420C-B04C-3FC6651B26EB}"
EndProject
Global
	GlobalSection(SolutionConfigurationPlatforms) = preSolution
		Debug|Any CPU = Debug|Any CPU
		Release|Any CPU = Release|Any CPU
	EndGlobalSection
	GlobalSection(ProjectConfigurationPlatforms) = postSolution
		{1A1552D7-2E4F-420C-B04C-3FC6651B26EB}.Debug|Any CPU.ActiveCfg = Debug|Any CPU
		{1A1552D7-2E4F-420C-B04C-3FC6651B26EB}.Debug|Any CPU.Build.0 = Debug|Any CPU
		{1A1552D7-2E4F-420C-B04C-3FC6651B26EB}.Release|Any CPU.ActiveCfg = Release|Any CPU
		{1A1552D7-2E4F-420C-B04C-3FC6651B26EB}.Release|Any CPU.Build.0 = Release|Any CPU
	EndGlobalSection
	GlobalSection(SolutionProperties) = preSolution
		HideSolutionNode = FALSE
	EndGlobalSection
	GlobalSection(ExtensibilityGlobals) = postSolution
		SolutionGuid = {0CC0DC90-C6F9-4704-B9FC-26361175F117}
	EndGlobalSection
EndGlobal
